{
  "version": 4,
  "terraform_version": "1.9.1",
  "serial": 103,
  "lineage": "6a95313d-e941-77d3-b1f1-6bd4b27417ca",
  "outputs": {},
  "resources": [
    {
      "mode": "managed",
      "type": "azurerm_resource_group",
      "name": "velozient_resource_group",
      "provider": "provider[\"registry.terraform.io/hashicorp/azurerm\"]",
      "instances": [
        {
          "schema_version": 0,
          "attributes": {
            "id": "/subscriptions/0f2db23b-36af-46e2-9371-964b89978f0d/resourceGroups/project-resource-group",
            "location": "brazilsouth",
            "managed_by": "",
            "name": "project-resource-group",
            "tags": {
              "Description": "Velozient",
              "Environment": "Production"
            },
            "timeouts": null
          },
          "sensitive_attributes": [],
          "private": "eyJlMmJmYjczMC1lY2FhLTExZTYtOGY4OC0zNDM2M2JjN2M0YzAiOnsiY3JlYXRlIjo1NDAwMDAwMDAwMDAwLCJkZWxldGUiOjU0MDAwMDAwMDAwMDAsInJlYWQiOjMwMDAwMDAwMDAwMCwidXBkYXRlIjo1NDAwMDAwMDAwMDAwfX0="
        }
      ]
    }
  ],
  "check_results": null
}
